{
    "_readme": [
        "This file locks the dependencies of your project to a known state",
        "Read more about it at https://getcomposer.org/doc/01-basic-usage.md#installing-dependencies",
        "This file is @generated automatically"
    ],
    "content-hash": "9e51f1d01ad9ca4e748e43f814267b48",
    "packages": [
        {
            "name": "slimcms/admin-panel",
            "version": "0.0.3",
            "source": {
                "type": "git",
                "url": "https://github.com/SlimCMS/admin-panel.git",
                "reference": "e41b74f5e16c701271cf54162a1c8d0744487f10"
            },
            "dist": {
                "type": "zip",
                "url": "https://api.github.com/repos/SlimCMS/admin-panel/zipball/e41b74f5e16c701271cf54162a1c8d0744487f10",
                "reference": "e41b74f5e16c701271cf54162a1c8d0744487f10",
                "shasum": ""
            },
            "require": {
                "slimcms/dev-tools": ">=0.0.5"
            },
            "type": "slimcms-module",
            "autoload": {
                "psr-4": {
                    "SlimcmsAdminPanel\\": "src/"
                }
            },
            "notification-url": "https://packagist.org/downloads/",
            "license": [
                "MIT"
            ],
            "description": "Admin module.",
            "support": {
                "issues": "https://github.com/SlimCMS/admin-panel/issues",
                "source": "https://github.com/SlimCMS/admin-panel/tree/0.0.3"
            },
            "time": "2021-01-23T19:48:13+00:00"
        },
        {
            "name": "slimcms/core",
            "version": "0.0.2",
            "source": {
                "type": "git",
                "url": "https://github.com/SlimCMS/core.git",
                "reference": "598f1260fe2f68ce3e302ee4183c60ddb69f5d39"
            },
            "dist": {
                "type": "zip",
                "url": "https://api.github.com/repos/SlimCMS/core/zipball/598f1260fe2f68ce3e302ee4183c60ddb69f5d39",
                "reference": "598f1260fe2f68ce3e302ee4183c60ddb69f5d39",
                "shasum": ""
            },
            "require": {
                "php": "^8.0"
            },
            "type": "library",
            "autoload": {
                "files": [
                    "src/helpers.php"
                ],
                "psr-4": {
                    "Slimcms\\": "src/"
                }
            },
            "notification-url": "https://packagist.org/downloads/",
            "license": [
                "MIT"
            ],
            "description": "Core slimcms",
            "support": {
                "issues": "https://github.com/SlimCMS/core/issues",
                "source": "https://github.com/SlimCMS/core/tree/0.0.2"
            },
            "time": "2021-01-23T19:22:19+00:00"
        },
        {
            "name": "slimcms/default-theme",
            "version": "0.0.1",
            "source": {
                "type": "git",
                "url": "https://github.com/SlimCMS/default-theme.git",
                "reference": "d99f94b7e39cc20ffad253b04fffc97a9a4e4b58"
            },
            "dist": {
                "type": "zip",
                "url": "https://api.github.com/repos/SlimCMS/default-theme/zipball/d99f94b7e39cc20ffad253b04fffc97a9a4e4b58",
                "reference": "d99f94b7e39cc20ffad253b04fffc97a9a4e4b58",
                "shasum": ""
            },
            "type": "slimcms-theme",
            "notification-url": "https://packagist.org/downloads/",
            "license": [
                "MIT"
            ],
            "authors": [
                {
                    "name": "akiosarkiz",
                    "email": "akiosarkiz@gmail.com"
                }
            ],
            "description": "Default theme of the SlimCMS",
            "support": {
                "issues": "https://github.com/SlimCMS/default-theme/issues",
                "source": "https://github.com/SlimCMS/default-theme/tree/0.0.1"
            },
            "time": "2021-01-14T19:49:11+00:00"
        },
        {
            "name": "slimcms/dev-tools",
            "version": "0.0.5",
            "source": {
                "type": "git",
                "url": "https://github.com/SlimCMS/dev-tools.git",
                "reference": "9215948a8c437d7b3fbd944e34262431373bfc18"
            },
            "dist": {
                "type": "zip",
                "url": "https://api.github.com/repos/SlimCMS/dev-tools/zipball/9215948a8c437d7b3fbd944e34262431373bfc18",
                "reference": "9215948a8c437d7b3fbd944e34262431373bfc18",
                "shasum": ""
            },
            "require": {
                "php": "^8.0",
                "slimcms/core": ">=0.0.2"
            },
            "type": "library",
            "autoload": {
                "psr-4": {
                    "SlimCms\\": "src/"
                }
            },
            "notification-url": "https://packagist.org/downloads/",
            "license": [
                "MIT"
            ],
            "description": "Package for developers",
            "support": {
                "issues": "https://github.com/SlimCMS/dev-tools/issues",
                "source": "https://github.com/SlimCMS/dev-tools/tree/0.0.5"
            },
            "time": "2021-01-23T19:34:40+00:00"
        },
        {
            "name": "slimcms/installer",
            "version": "1.0.0",
            "source": {
                "type": "git",
                "url": "https://github.com/SlimCMS/installer.git",
                "reference": "56583b56090265fa2bdb88320e67bf1dee85fe94"
            },
            "dist": {
                "type": "zip",
                "url": "https://api.github.com/repos/SlimCMS/installer/zipball/56583b56090265fa2bdb88320e67bf1dee85fe94",
                "reference": "56583b56090265fa2bdb88320e67bf1dee85fe94",
                "shasum": ""
            },
            "require": {
                "composer-plugin-api": "^2.0",
                "php": ">=7.2"
            },
            "require-dev": {
                "composer/composer": "^2.0"
            },
            "type": "composer-plugin",
            "extra": {
                "class": "Slimcms\\Composer\\Plugin\\Plugin"
            },
            "autoload": {
                "psr-4": {
                    "Slimcms\\Composer\\Plugin\\": "src/"
                }
            },
            "notification-url": "https://packagist.org/downloads/",
            "license": [
                "MIT"
            ],
            "description": "The installer.",
            "support": {
                "issues": "https://github.com/SlimCMS/installer/issues",
                "source": "https://github.com/SlimCMS/installer/tree/1.0.0"
            },
            "time": "2021-01-14T19:35:36+00:00"
        }
    ],
    "packages-dev": [],
    "aliases": [],
    "minimum-stability": "stable",
    "stability-flags": [],
    "prefer-stable": false,
    "prefer-lowest": false,
    "platform": {
        "php": "^8.0"
    },
    "platform-dev": [],
    "plugin-api-version": "2.0.0"
}
